
Microsoft Visual Studio Solution File, Format Version 12.00
# Visual Studio Version 16
VisualStudioVersion = 16.0.31129.286
MinimumVisualStudioVersion = 10.0.40219.1
Project("{FAE04EC0-301F-11D3-BF4B-00C04F79EFBC}") = "API_Journal", "API_Journal.csproj", "{46DD4165-9979-492F-BB41-1BD023C15D0E}"
EndProject
Global
	GlobalSection(SolutionConfigurationPlatforms) = preSolution
		Debug|Any CPU = Debug|Any CPU
		Release|Any CPU = Release|Any CPU
	EndGlobalSection
	GlobalSection(ProjectConfigurationPlatforms) = postSolution
		{46DD4165-9979-492F-BB41-1BD023C15D0E}.Debug|Any CPU.ActiveCfg = Debug|Any CPU
		{46DD4165-9979-492F-BB41-1BD023C15D0E}.Debug|Any CPU.Build.0 = Debug|Any CPU
		{46DD4165-9979-492F-BB41-1BD023C15D0E}.Release|Any CPU.ActiveCfg = Release|Any CPU
		{46DD4165-9979-492F-BB41-1BD023C15D0E}.Release|Any CPU.Build.0 = Release|Any CPU
	EndGlobalSection
	GlobalSection(SolutionProperties) = preSolution
		HideSolutionNode = FALSE
	EndGlobalSection
	GlobalSection(ExtensibilityGlobals) = postSolution
		SolutionGuid = {F9EAD83D-1224-4A23-AEF0-812F6EE7200A}
	EndGlobalSection
EndGlobal
